
Microsoft Visual Studio Solution File, Format Version 12.00
# Visual Studio Version 16
VisualStudioVersion = 25.0.1700.6
MinimumVisualStudioVersion = 10.0.40219.1
Project("{FAE04EC0-301F-11D3-BF4B-00C04F79EFBC}") = "DemoMVC", "DemoMVC\DemoMVC.csproj", "{96691360-C6E5-44E4-8DD3-47D7AE16DCFE}"
EndProject
Global
	GlobalSection(SolutionConfigurationPlatforms) = preSolution
		Debug|Any CPU = Debug|Any CPU
		Release|Any CPU = Release|Any CPU
	EndGlobalSection
	GlobalSection(ProjectConfigurationPlatforms) = postSolution
		{96691360-C6E5-44E4-8DD3-47D7AE16DCFE}.Debug|Any CPU.ActiveCfg = Debug|Any CPU
		{96691360-C6E5-44E4-8DD3-47D7AE16DCFE}.Debug|Any CPU.Build.0 = Debug|Any CPU
		{96691360-C6E5-44E4-8DD3-47D7AE16DCFE}.Release|Any CPU.ActiveCfg = Release|Any CPU
		{96691360-C6E5-44E4-8DD3-47D7AE16DCFE}.Release|Any CPU.Build.0 = Release|Any CPU
	EndGlobalSection
	GlobalSection(SolutionProperties) = preSolution
		HideSolutionNode = FALSE
	EndGlobalSection
	GlobalSection(ExtensibilityGlobals) = postSolution
		SolutionGuid = {AF6B67FD-3976-4252-AE85-ACE6AB1C448A}
	EndGlobalSection
EndGlobal
